{
  "name": "raytracer",
  "lockfileVersion": 2,
  "requires": true,
  "packages": {
    "": {
      "dependencies": {
        "three-addons": "^1.2.0"
      }
    },
    "node_modules/three": {
      "version": "0.92.0",
      "resolved": "https://registry.npmjs.org/three/-/three-0.92.0.tgz",
      "integrity": "sha512-yQzuwMDEyxc+TFHn8c+LtpK1Sqpy8I3FAr+1EoqqLmNmv6hjfFqB8PlYztRLuM4FMFb4hIbpUoP7Gc9bPQvkCg=="
    },
    "node_modules/three-addons": {
      "version": "1.2.0",
      "resolved": "https://registry.npmjs.org/three-addons/-/three-addons-1.2.0.tgz",
      "integrity": "sha512-tmPGLtcsDb0Bt6bVU82y9KX0rdAzizr7t2rFjBecWq4pvfGMY3l+yCfvntGYeZGJ9cjsli10cHSWHsN1pTy4mA==",
      "dependencies": {
        "three": "^0.92.0"
      }
    }
  },
  "dependencies": {
    "three": {
      "version": "0.92.0",
      "resolved": "https://registry.npmjs.org/three/-/three-0.92.0.tgz",
      "integrity": "sha512-yQzuwMDEyxc+TFHn8c+LtpK1Sqpy8I3FAr+1EoqqLmNmv6hjfFqB8PlYztRLuM4FMFb4hIbpUoP7Gc9bPQvkCg=="
    },
    "three-addons": {
      "version": "1.2.0",
      "resolved": "https://registry.npmjs.org/three-addons/-/three-addons-1.2.0.tgz",
      "integrity": "sha512-tmPGLtcsDb0Bt6bVU82y9KX0rdAzizr7t2rFjBecWq4pvfGMY3l+yCfvntGYeZGJ9cjsli10cHSWHsN1pTy4mA==",
      "requires": {
        "three": "^0.92.0"
      }
    }
  }
}
